PODS:
  - Alamofire (4.0.1)

DEPENDENCIES:
  - Alamofire (from `https://github.com/Alamofire/Alamofire.git`)

EXTERNAL SOURCES:
  Alamofire:
    :git: https://github.com/Alamofire/Alamofire.git

CHECKOUT OPTIONS:
  Alamofire:
    :commit: 0fddeba5ba87b6f7d1af425ae1e99a1fe5abde9a
    :git: https://github.com/Alamofire/Alamofire.git

SPEC CHECKSUMS:
  Alamofire: 7682d43245de14874acd142ec137b144aa1dd335

PODFILE CHECKSUM: 978e3db1f5ae87463ff178c00a1a0ad228f08f8a

COCOAPODS: 1.1.0.rc.2
